
Microsoft Visual Studio Solution File, Format Version 12.00
# Visual Studio Version 16
VisualStudioVersion = 16.0.30114.105
MinimumVisualStudioVersion = 10.0.40219.1
Project("{FAE04EC0-301F-11D3-BF4B-00C04F79EFBC}") = "API", "API\API.csproj", "{6858E14E-3EB6-4C5B-A94E-9055B03517B9}"
EndProject
Project("{FAE04EC0-301F-11D3-BF4B-00C04F79EFBC}") = "Application", "Application\Application.csproj", "{8809FF41-DC26-4944-BE30-9AAC5F2D67A0}"
EndProject
Project("{FAE04EC0-301F-11D3-BF4B-00C04F79EFBC}") = "Persistence", "Persistence\Persistence.csproj", "{AD18D094-2682-4835-821C-80338B4B2BD1}"
EndProject
Project("{FAE04EC0-301F-11D3-BF4B-00C04F79EFBC}") = "Domain", "Domain\Domain.csproj", "{22FD045D-8376-4896-81D0-1F611C85E090}"
EndProject
Global
	GlobalSection(SolutionConfigurationPlatforms) = preSolution
		Debug|Any CPU = Debug|Any CPU
		Release|Any CPU = Release|Any CPU
	EndGlobalSection
	GlobalSection(SolutionProperties) = preSolution
		HideSolutionNode = FALSE
	EndGlobalSection
	GlobalSection(ProjectConfigurationPlatforms) = postSolution
		{6858E14E-3EB6-4C5B-A94E-9055B03517B9}.Debug|Any CPU.ActiveCfg = Debug|Any CPU
		{6858E14E-3EB6-4C5B-A94E-9055B03517B9}.Debug|Any CPU.Build.0 = Debug|Any CPU
		{6858E14E-3EB6-4C5B-A94E-9055B03517B9}.Release|Any CPU.ActiveCfg = Release|Any CPU
		{6858E14E-3EB6-4C5B-A94E-9055B03517B9}.Release|Any CPU.Build.0 = Release|Any CPU
		{8809FF41-DC26-4944-BE30-9AAC5F2D67A0}.Debug|Any CPU.ActiveCfg = Debug|Any CPU
		{8809FF41-DC26-4944-BE30-9AAC5F2D67A0}.Debug|Any CPU.Build.0 = Debug|Any CPU
		{8809FF41-DC26-4944-BE30-9AAC5F2D67A0}.Release|Any CPU.ActiveCfg = Release|Any CPU
		{8809FF41-DC26-4944-BE30-9AAC5F2D67A0}.Release|Any CPU.Build.0 = Release|Any CPU
		{AD18D094-2682-4835-821C-80338B4B2BD1}.Debug|Any CPU.ActiveCfg = Debug|Any CPU
		{AD18D094-2682-4835-821C-80338B4B2BD1}.Debug|Any CPU.Build.0 = Debug|Any CPU
		{AD18D094-2682-4835-821C-80338B4B2BD1}.Release|Any CPU.ActiveCfg = Release|Any CPU
		{AD18D094-2682-4835-821C-80338B4B2BD1}.Release|Any CPU.Build.0 = Release|Any CPU
		{22FD045D-8376-4896-81D0-1F611C85E090}.Debug|Any CPU.ActiveCfg = Debug|Any CPU
		{22FD045D-8376-4896-81D0-1F611C85E090}.Debug|Any CPU.Build.0 = Debug|Any CPU
		{22FD045D-8376-4896-81D0-1F611C85E090}.Release|Any CPU.ActiveCfg = Release|Any CPU
		{22FD045D-8376-4896-81D0-1F611C85E090}.Release|Any CPU.Build.0 = Release|Any CPU
	EndGlobalSection
EndGlobal
